
Microsoft Visual Studio Solution File, Format Version 12.00
# Visual Studio Version 17
VisualStudioVersion = 17.11.35219.272
MinimumVisualStudioVersion = 10.0.40219.1
Project("{FAE04EC0-301F-11D3-BF4B-00C04F79EFBC}") = "AuthenticationApi.Domain", "AuthenticationApi.Domain\AuthenticationApi.Domain.csproj", "{7A36BB6E-B5CD-436A-889D-563939B47634}"
EndProject
Project("{FAE04EC0-301F-11D3-BF4B-00C04F79EFBC}") = "AuthenticationApi.Application", "AuthenticationApi.Application\AuthenticationApi.Application.csproj", "{80E859AA-70F9-419E-9A89-752F9BFD09BD}"
EndProject
Project("{FAE04EC0-301F-11D3-BF4B-00C04F79EFBC}") = "AuthenticationApi.Infrastruture", "AuthenticationApi.Infrastruture\AuthenticationApi.Infrastruture.csproj", "{58A9B8D5-E533-4387-90CC-7A852B9651B5}"
EndProject
Project("{FAE04EC0-301F-11D3-BF4B-00C04F79EFBC}") = "AuthenticationApi.Presentation", "AuthenticationApi.Presentation\AuthenticationApi.Presentation.csproj", "{37D2D7A2-862C-48CF-B2F6-9C6D1C56B8C8}"
EndProject
Project("{9A19103F-16F7-4668-BE54-9A1E7A4F7556}") = "eCommerce.SharedLibrary", "..\DemoECommerce.SharedLibrarySolution\eCommerce.SharedLibrary\eCommerce.SharedLibrary.csproj", "{BDE5272E-2A29-412B-881A-0611FE6977AD}"
EndProject
Global
	GlobalSection(SolutionConfigurationPlatforms) = preSolution
		Debug|Any CPU = Debug|Any CPU
		Release|Any CPU = Release|Any CPU
	EndGlobalSection
	GlobalSection(ProjectConfigurationPlatforms) = postSolution
		{7A36BB6E-B5CD-436A-889D-563939B47634}.Debug|Any CPU.ActiveCfg = Debug|Any CPU
		{7A36BB6E-B5CD-436A-889D-563939B47634}.Debug|Any CPU.Build.0 = Debug|Any CPU
		{7A36BB6E-B5CD-436A-889D-563939B47634}.Release|Any CPU.ActiveCfg = Release|Any CPU
		{7A36BB6E-B5CD-436A-889D-563939B47634}.Release|Any CPU.Build.0 = Release|Any CPU
		{80E859AA-70F9-419E-9A89-752F9BFD09BD}.Debug|Any CPU.ActiveCfg = Debug|Any CPU
		{80E859AA-70F9-419E-9A89-752F9BFD09BD}.Debug|Any CPU.Build.0 = Debug|Any CPU
		{80E859AA-70F9-419E-9A89-752F9BFD09BD}.Release|Any CPU.ActiveCfg = Release|Any CPU
		{80E859AA-70F9-419E-9A89-752F9BFD09BD}.Release|Any CPU.Build.0 = Release|Any CPU
		{58A9B8D5-E533-4387-90CC-7A852B9651B5}.Debug|Any CPU.ActiveCfg = Debug|Any CPU
		{58A9B8D5-E533-4387-90CC-7A852B9651B5}.Debug|Any CPU.Build.0 = Debug|Any CPU
		{58A9B8D5-E533-4387-90CC-7A852B9651B5}.Release|Any CPU.ActiveCfg = Release|Any CPU
		{58A9B8D5-E533-4387-90CC-7A852B9651B5}.Release|Any CPU.Build.0 = Release|Any CPU
		{37D2D7A2-862C-48CF-B2F6-9C6D1C56B8C8}.Debug|Any CPU.ActiveCfg = Debug|Any CPU
		{37D2D7A2-862C-48CF-B2F6-9C6D1C56B8C8}.Debug|Any CPU.Build.0 = Debug|Any CPU
		{37D2D7A2-862C-48CF-B2F6-9C6D1C56B8C8}.Release|Any CPU.ActiveCfg = Release|Any CPU
		{37D2D7A2-862C-48CF-B2F6-9C6D1C56B8C8}.Release|Any CPU.Build.0 = Release|Any CPU
		{BDE5272E-2A29-412B-881A-0611FE6977AD}.Debug|Any CPU.ActiveCfg = Debug|Any CPU
		{BDE5272E-2A29-412B-881A-0611FE6977AD}.Debug|Any CPU.Build.0 = Debug|Any CPU
		{BDE5272E-2A29-412B-881A-0611FE6977AD}.Release|Any CPU.ActiveCfg = Release|Any CPU
		{BDE5272E-2A29-412B-881A-0611FE6977AD}.Release|Any CPU.Build.0 = Release|Any CPU
	EndGlobalSection
	GlobalSection(SolutionProperties) = preSolution
		HideSolutionNode = FALSE
	EndGlobalSection
	GlobalSection(ExtensibilityGlobals) = postSolution
		SolutionGuid = {8781DCDC-3AA1-42B4-B9DF-AB452E3BEC81}
	EndGlobalSection
EndGlobal
